
Microsoft Visual Studio Solution File, Format Version 12.00
# Visual Studio Version 16
VisualStudioVersion = 16.0.33027.164
MinimumVisualStudioVersion = 10.0.40219.1
Project("{FAE04EC0-301F-11D3-BF4B-00C04F79EFBC}") = "EmailApplication", "EmailApplication.csproj", "{4ACBCE15-4BB6-476D-8F15-1E89FB44F9A3}"
EndProject
Global
	GlobalSection(SolutionConfigurationPlatforms) = preSolution
		Debug|Any CPU = Debug|Any CPU
		Release|Any CPU = Release|Any CPU
	EndGlobalSection
	GlobalSection(ProjectConfigurationPlatforms) = postSolution
		{4ACBCE15-4BB6-476D-8F15-1E89FB44F9A3}.Debug|Any CPU.ActiveCfg = Debug|Any CPU
		{4ACBCE15-4BB6-476D-8F15-1E89FB44F9A3}.Debug|Any CPU.Build.0 = Debug|Any CPU
		{4ACBCE15-4BB6-476D-8F15-1E89FB44F9A3}.Release|Any CPU.ActiveCfg = Release|Any CPU
		{4ACBCE15-4BB6-476D-8F15-1E89FB44F9A3}.Release|Any CPU.Build.0 = Release|Any CPU
	EndGlobalSection
	GlobalSection(SolutionProperties) = preSolution
		HideSolutionNode = FALSE
	EndGlobalSection
	GlobalSection(ExtensibilityGlobals) = postSolution
		SolutionGuid = {0ADDBE6B-CCE8-4EC8-B96B-B7644BB93F4B}
	EndGlobalSection
EndGlobal
